{
  "lockfile_version": "1",
  "packages": {
    "caddy@latest": {
      "last_modified": "2024-07-07T16:08:25Z",
      "resolved": "github:NixOS/nixpkgs/ab82a9612aa45284d4adf69ee81871a389669a9e#caddy",
      "source": "devbox-search",
      "version": "2.8.4",
      "systems": {
        "aarch64-darwin": {
          "store_path": "/nix/store/jbdqn5mzwzlk9vacsfgnf0ak2z5myahd-caddy-2.8.4"
        },
        "aarch64-linux": {
          "store_path": "/nix/store/9z87hx96ff4h5ifk7nr8swbm1sr4nwra-caddy-2.8.4"
        },
        "x86_64-darwin": {
          "store_path": "/nix/store/s3c7505msri2001ppjpd0y7xh5g8vjxk-caddy-2.8.4"
        },
        "x86_64-linux": {
          "store_path": "/nix/store/drmd4jdjrbq0bwd06nirw0g22sd06b79-caddy-2.8.4"
        }
      }
    },
    "dart-sass@latest": {
      "last_modified": "2024-07-07T16:08:25Z",
      "resolved": "github:NixOS/nixpkgs/ab82a9612aa45284d4adf69ee81871a389669a9e#dart-sass",
      "source": "devbox-search",
      "version": "1.77.6",
      "systems": {
        "aarch64-darwin": {
          "store_path": "/nix/store/m7cwavg9p07a2nfg1zqfnvb4bc2jlxy5-dart-sass-1.77.6"
        },
        "aarch64-linux": {
          "store_path": "/nix/store/wmkqazmxfiywga58z7mk7s0icl38pmxk-dart-sass-1.77.6"
        },
        "x86_64-darwin": {
          "store_path": "/nix/store/4kzb5vg2hw7ywcl01pxnqlsck1677jzi-dart-sass-1.77.6"
        },
        "x86_64-linux": {
          "store_path": "/nix/store/jrsdqbk48q0cvmr0sg4qvc4qjybv1r30-dart-sass-1.77.6"
        }
      }
    },
    "elmPackages.elm-format@latest": {
      "last_modified": "2024-07-07T16:08:25Z",
      "resolved": "github:NixOS/nixpkgs/ab82a9612aa45284d4adf69ee81871a389669a9e#elmPackages.elm-format",
      "source": "devbox-search",
      "version": "0.8.7",
      "systems": {
        "aarch64-darwin": {
          "store_path": "/nix/store/vrk2k7bsn9sd8cxiqgp3l36sx7kjr4b0-elm-format-0.8.7"
        },
        "aarch64-linux": {
          "store_path": "/nix/store/y44v7n7q50ckhsn0a4m6myjk4qf929nd-elm-format-0.8.7"
        },
        "x86_64-darwin": {
          "store_path": "/nix/store/2kb12c865k11iq8765hww43lz8nml1hg-elm-format-0.8.7"
        },
        "x86_64-linux": {
          "store_path": "/nix/store/r6xjfb6fk4yzmyr8x9rz6y347hw4889k-elm-format-0.8.7"
        }
      }
    },
    "elmPackages.elm-review@latest": {
      "last_modified": "2024-07-07T07:43:47Z",
      "resolved": "github:NixOS/nixpkgs/b60793b86201040d9dee019a05089a9150d08b5b#elmPackages.elm-review",
      "source": "devbox-search",
      "version": "2.10.3",
      "systems": {
        "aarch64-darwin": {
          "store_path": "/nix/store/yzwb00dbgf60l9d0ahzx43yc5g72m46c-elm-review-2.10.3"
        },
        "aarch64-linux": {
          "store_path": "/nix/store/plw62rr2z7ap0rksxfzrv3gml8mi3j3j-elm-review-2.10.3"
        },
        "x86_64-darwin": {
          "store_path": "/nix/store/qd90y644ly2a8hls5zb4ijvvg16h2kwg-elm-review-2.10.3"
        },
        "x86_64-linux": {
          "store_path": "/nix/store/75m906xx54w5d12pxhrr4dgn96r69mqi-elm-review-2.10.3"
        }
      }
    },
    "elmPackages.elm-test@latest": {
      "last_modified": "2024-07-07T16:08:25Z",
      "resolved": "github:NixOS/nixpkgs/ab82a9612aa45284d4adf69ee81871a389669a9e#elmPackages.elm-test",
      "source": "devbox-search",
      "version": "0.19.1-revision12",
      "systems": {
        "aarch64-darwin": {
          "store_path": "/nix/store/l1s8hq69a6siqhacspvzm9c6mbk2213h-elm-test-0.19.1-revision12"
        },
        "aarch64-linux": {
          "store_path": "/nix/store/ggylak04yp6zgmashbbdgjan356s3011-elm-test-0.19.1-revision12"
        },
        "x86_64-darwin": {
          "store_path": "/nix/store/sw0a5cp537i78bmx6cjxvdrhy53p6qa9-elm-test-0.19.1-revision12"
        },
        "x86_64-linux": {
          "store_path": "/nix/store/xsh065vzzc798yqm26gwwrjhhal67avr-elm-test-0.19.1-revision12"
        }
      }
    },
    "elmPackages.elm@latest": {
      "last_modified": "2024-07-07T16:08:25Z",
      "resolved": "github:NixOS/nixpkgs/ab82a9612aa45284d4adf69ee81871a389669a9e#elmPackages.elm",
      "source": "devbox-search",
      "version": "0.19.1",
      "systems": {
        "aarch64-darwin": {
          "store_path": "/nix/store/dp7qf3lkgvd5sjaw6nb0gfcsvz8kh46d-elm-0.19.1"
        },
        "aarch64-linux": {
          "store_path": "/nix/store/v6x4g3rmpirks10ygf2zbj0y0iqmhxz8-elm-0.19.1"
        },
        "x86_64-darwin": {
          "store_path": "/nix/store/k5hx9q5x7fb72rlzz3wla0mdj5v0g0pj-elm-0.19.1"
        },
        "x86_64-linux": {
          "store_path": "/nix/store/rsfayk4gs3bqj269kpz5y7jfc27800sl-elm-0.19.1"
        }
      }
    }
  }
}
