{
  "lockfile_version": "1",
  "packages": {
    "caddy@latest": {
      "last_modified": "2024-06-04T00:03:09Z",
      "resolved": "github:NixOS/nixpkgs/3b01abcc24846ae49957b30f4345bab4b3f1d14b#caddy",
      "source": "devbox-search",
      "version": "2.8.4",
      "systems": {
        "aarch64-darwin": {
          "store_path": "/nix/store/93iyysjxi4bv2kvykghnc9blgfafgy70-caddy-2.8.4"
        },
        "aarch64-linux": {
          "store_path": "/nix/store/iavbj399v34qfd6pw6rsmh1rqfbyclac-caddy-2.8.4"
        },
        "x86_64-darwin": {
          "store_path": "/nix/store/8wbxwyq9dgwjbjn95fd11sp77yrh9knv-caddy-2.8.4"
        },
        "x86_64-linux": {
          "store_path": "/nix/store/1iz89fy5fi998g43z1m4j7s5f095di68-caddy-2.8.4"
        }
      }
    },
    "dart-sass@latest": {
      "last_modified": "2024-06-12T20:55:33Z",
      "resolved": "github:NixOS/nixpkgs/a9858885e197f984d92d7fe64e9fff6b2e488d40#dart-sass",
      "source": "devbox-search",
      "version": "1.77.4",
      "systems": {
        "aarch64-darwin": {
          "store_path": "/nix/store/nd4qms3ky9law2xdg278ywk0lfnn1jxq-dart-sass-1.77.4"
        },
        "aarch64-linux": {
          "store_path": "/nix/store/x10y1vxb0qb8hhq2q5sq5q14jj3hpid6-dart-sass-1.77.4"
        },
        "x86_64-darwin": {
          "store_path": "/nix/store/q7p09vvf7rhl3ddibchbnf6iwwx6r4xx-dart-sass-1.77.4"
        },
        "x86_64-linux": {
          "store_path": "/nix/store/3ss80q7nikpp5qr6jx1f215aqa6kp5a8-dart-sass-1.77.4"
        }
      }
    },
    "elmPackages.elm-format@latest": {
      "last_modified": "2024-06-21T06:40:32Z",
      "resolved": "github:NixOS/nixpkgs/ed0af8c19f55bede71dc9c2002185cf228339901#elmPackages.elm-format",
      "source": "devbox-search",
      "version": "0.8.7",
      "systems": {
        "aarch64-darwin": {
          "store_path": "/nix/store/07nswaxj1ab9n3dq538ks5s0xz3lwr9y-elm-format-0.8.7"
        },
        "aarch64-linux": {
          "store_path": "/nix/store/3dn6sdpfddqhwafc08wibpswzzmmwzvv-elm-format-0.8.7"
        },
        "x86_64-darwin": {
          "store_path": "/nix/store/357fbdyakfky8lfxjnal2vkc626mirm8-elm-format-0.8.7"
        },
        "x86_64-linux": {
          "store_path": "/nix/store/hsdcwjyq7h7hvvnhl11c714nr26i8kp8-elm-format-0.8.7"
        }
      }
    },
    "elmPackages.elm-test@latest": {
      "last_modified": "2024-06-12T20:55:33Z",
      "resolved": "github:NixOS/nixpkgs/a9858885e197f984d92d7fe64e9fff6b2e488d40#elmPackages.elm-test",
      "source": "devbox-search",
      "version": "0.19.1-revision12",
      "systems": {
        "aarch64-darwin": {
          "store_path": "/nix/store/96jsrpd68ngb5ps20iym313xxzncqc45-elm-test-0.19.1-revision12"
        },
        "aarch64-linux": {
          "store_path": "/nix/store/s3666csqn797vs1ldswxpvajl1i8bzw8-elm-test-0.19.1-revision12"
        },
        "x86_64-darwin": {
          "store_path": "/nix/store/sw0a5cp537i78bmx6cjxvdrhy53p6qa9-elm-test-0.19.1-revision12"
        },
        "x86_64-linux": {
          "store_path": "/nix/store/n2qj70rrci3ln6qzf2gg4jjgsx9ly333-elm-test-0.19.1-revision12"
        }
      }
    },
    "elmPackages.elm@latest": {
      "last_modified": "2024-06-21T06:40:32Z",
      "resolved": "github:NixOS/nixpkgs/ed0af8c19f55bede71dc9c2002185cf228339901#elmPackages.elm",
      "source": "devbox-search",
      "version": "0.19.1",
      "systems": {
        "aarch64-darwin": {
          "store_path": "/nix/store/3ai7y2paxi1c6q9r4mr9m0y66slcj10h-elm-0.19.1"
        },
        "aarch64-linux": {
          "store_path": "/nix/store/h1rrg1s96196cqs37pdys84qcfnhxxif-elm-0.19.1"
        },
        "x86_64-darwin": {
          "store_path": "/nix/store/k5hx9q5x7fb72rlzz3wla0mdj5v0g0pj-elm-0.19.1"
        },
        "x86_64-linux": {
          "store_path": "/nix/store/srkgcyyll66kia8y5x890wd9g72f9i1w-elm-0.19.1"
        }
      }
    }
  }
}
